
Microsoft Visual Studio Solution File, Format Version 12.00
# Visual Studio Version 16
VisualStudioVersion = 16.0.31019.35
MinimumVisualStudioVersion = 10.0.40219.1
Project("{FAE04EC0-301F-11D3-BF4B-00C04F79EFBC}") = "UAS_DOTNET", "UAS_DOTNET.csproj", "{69D0F8D5-25E6-4CA1-BCFC-1425F24172DC}"
EndProject
Global
	GlobalSection(SolutionConfigurationPlatforms) = preSolution
		Debug|Any CPU = Debug|Any CPU
		Release|Any CPU = Release|Any CPU
	EndGlobalSection
	GlobalSection(ProjectConfigurationPlatforms) = postSolution
		{69D0F8D5-25E6-4CA1-BCFC-1425F24172DC}.Debug|Any CPU.ActiveCfg = Debug|Any CPU
		{69D0F8D5-25E6-4CA1-BCFC-1425F24172DC}.Debug|Any CPU.Build.0 = Debug|Any CPU
		{69D0F8D5-25E6-4CA1-BCFC-1425F24172DC}.Release|Any CPU.ActiveCfg = Release|Any CPU
		{69D0F8D5-25E6-4CA1-BCFC-1425F24172DC}.Release|Any CPU.Build.0 = Release|Any CPU
	EndGlobalSection
	GlobalSection(SolutionProperties) = preSolution
		HideSolutionNode = FALSE
	EndGlobalSection
	GlobalSection(ExtensibilityGlobals) = postSolution
		SolutionGuid = {ED115C2C-528F-429B-BDAA-4A5C697682F6}
	EndGlobalSection
EndGlobal
